Microsoft Visual Studio Solution File, Format Version 12.00
# Visual Studio Version 17
VisualStudioVersion = 17.5.2.0
MinimumVisualStudioVersion = 10.0.40219.1
Project("{FAE04EC0-301F-11D3-BF4B-00C04F79EFBC}") = "Extractor", "Extractor\Extractor.csproj", "{AB6A9952-3184-24A1-3B6F-CE10F1A537C1}"
EndProject
Project("{2150E333-8FDC-42A3-9474-1A3956D46DE8}") = "CoastalSmell", "CoastalSmell", "{6CD179C4-C2C6-FDD9-A3B9-37CC9E432F87}"
EndProject
Project("{2150E333-8FDC-42A3-9474-1A3956D46DE8}") = "Fishbone", "Fishbone", "{3DD79502-F954-D61B-69C7-33AFB849EC2C}"
EndProject
Project("{2150E333-8FDC-42A3-9474-1A3956D46DE8}") = "AC", "AC", "{EA40EEFD-3F08-2188-E239-BB8F161152C7}"
EndProject
Project("{FAE04EC0-301F-11D3-BF4B-00C04F79EFBC}") = "AC_CoastalSmell", "CoastalSmell\AC\AC_CoastalSmell.csproj", "{CA7F50DA-AD54-07F1-DDA1-604EF5E38A6F}"
EndProject
Project("{2150E333-8FDC-42A3-9474-1A3956D46DE8}") = "DC", "DC", "{F4900C59-4F4C-5A99-F211-905A1C8E92D0}"
EndProject
Project("{FAE04EC0-301F-11D3-BF4B-00C04F79EFBC}") = "DC_CoastalSmell", "CoastalSmell\DC\DC_CoastalSmell.csproj", "{5F0623BD-F8DC-0EF6-C992-2C94D980F986}"
EndProject
Project("{2150E333-8FDC-42A3-9474-1A3956D46DE8}") = "SVS", "SVS", "{14CCE21D-4AAB-094C-89A4-75E888A8CEE3}"
EndProject
Project("{FAE04EC0-301F-11D3-BF4B-00C04F79EFBC}") = "SVS_CoastalSmell", "CoastalSmell\SVS\SVS_CoastalSmell.csproj", "{F809F18C-CF8C-EA1E-1285-2A6AE15F0AF1}"
EndProject
Project("{2150E333-8FDC-42A3-9474-1A3956D46DE8}") = "AC", "AC", "{3DED5B56-A1FE-4C79-CA25-9124B9F2E79B}"
EndProject
Project("{FAE04EC0-301F-11D3-BF4B-00C04F79EFBC}") = "AC_Fishbone", "Fishbone\AC\AC_Fishbone.csproj", "{B303E462-8B91-2DEA-C596-BA41C659D421}"
EndProject
Project("{2150E333-8FDC-42A3-9474-1A3956D46DE8}") = "DC", "DC", "{4A023DCC-9E7D-0D40-014A-417C26F9BF57}"
EndProject
Project("{FAE04EC0-301F-11D3-BF4B-00C04F79EFBC}") = "DC_Fishbone", "Fishbone\DC\DC_Fishbone.csproj", "{97383A83-1B6F-0827-5AC6-4887F715FF72}"
EndProject
Project("{2150E333-8FDC-42A3-9474-1A3956D46DE8}") = "SVS", "SVS", "{3EDC1F7F-3225-3ED6-1FC9-2C675C515DFF}"
EndProject
Project("{FAE04EC0-301F-11D3-BF4B-00C04F79EFBC}") = "SVS_Fishbone", "Fishbone\SVS\SVS_Fishbone.csproj", "{F0828863-5062-B01F-EF9B-1B433514853C}"
EndProject
Global
	GlobalSection(SolutionConfigurationPlatforms) = preSolution
		Debug|Any CPU = Debug|Any CPU
		Release|Any CPU = Release|Any CPU
	EndGlobalSection
	GlobalSection(ProjectConfigurationPlatforms) = postSolution
		{AB6A9952-3184-24A1-3B6F-CE10F1A537C1}.Debug|Any CPU.ActiveCfg = Debug|Any CPU
		{AB6A9952-3184-24A1-3B6F-CE10F1A537C1}.Debug|Any CPU.Build.0 = Debug|Any CPU
		{AB6A9952-3184-24A1-3B6F-CE10F1A537C1}.Release|Any CPU.ActiveCfg = Release|Any CPU
		{AB6A9952-3184-24A1-3B6F-CE10F1A537C1}.Release|Any CPU.Build.0 = Release|Any CPU
		{CA7F50DA-AD54-07F1-DDA1-604EF5E38A6F}.Debug|Any CPU.ActiveCfg = Debug|Any CPU
		{CA7F50DA-AD54-07F1-DDA1-604EF5E38A6F}.Debug|Any CPU.Build.0 = Debug|Any CPU
		{CA7F50DA-AD54-07F1-DDA1-604EF5E38A6F}.Release|Any CPU.ActiveCfg = Release|Any CPU
		{CA7F50DA-AD54-07F1-DDA1-604EF5E38A6F}.Release|Any CPU.Build.0 = Release|Any CPU
		{5F0623BD-F8DC-0EF6-C992-2C94D980F986}.Debug|Any CPU.ActiveCfg = Debug|Any CPU
		{5F0623BD-F8DC-0EF6-C992-2C94D980F986}.Debug|Any CPU.Build.0 = Debug|Any CPU
		{5F0623BD-F8DC-0EF6-C992-2C94D980F986}.Release|Any CPU.ActiveCfg = Release|Any CPU
		{5F0623BD-F8DC-0EF6-C992-2C94D980F986}.Release|Any CPU.Build.0 = Release|Any CPU
		{F809F18C-CF8C-EA1E-1285-2A6AE15F0AF1}.Debug|Any CPU.ActiveCfg = Debug|Any CPU
		{F809F18C-CF8C-EA1E-1285-2A6AE15F0AF1}.Debug|Any CPU.Build.0 = Debug|Any CPU
		{F809F18C-CF8C-EA1E-1285-2A6AE15F0AF1}.Release|Any CPU.ActiveCfg = Release|Any CPU
		{F809F18C-CF8C-EA1E-1285-2A6AE15F0AF1}.Release|Any CPU.Build.0 = Release|Any CPU
		{B303E462-8B91-2DEA-C596-BA41C659D421}.Debug|Any CPU.ActiveCfg = Debug|Any CPU
		{B303E462-8B91-2DEA-C596-BA41C659D421}.Debug|Any CPU.Build.0 = Debug|Any CPU
		{B303E462-8B91-2DEA-C596-BA41C659D421}.Release|Any CPU.ActiveCfg = Release|Any CPU
		{B303E462-8B91-2DEA-C596-BA41C659D421}.Release|Any CPU.Build.0 = Release|Any CPU
		{97383A83-1B6F-0827-5AC6-4887F715FF72}.Debug|Any CPU.ActiveCfg = Debug|Any CPU
		{97383A83-1B6F-0827-5AC6-4887F715FF72}.Debug|Any CPU.Build.0 = Debug|Any CPU
		{97383A83-1B6F-0827-5AC6-4887F715FF72}.Release|Any CPU.ActiveCfg = Release|Any CPU
		{97383A83-1B6F-0827-5AC6-4887F715FF72}.Release|Any CPU.Build.0 = Release|Any CPU
		{F0828863-5062-B01F-EF9B-1B433514853C}.Debug|Any CPU.ActiveCfg = Debug|Any CPU
		{F0828863-5062-B01F-EF9B-1B433514853C}.Debug|Any CPU.Build.0 = Debug|Any CPU
		{F0828863-5062-B01F-EF9B-1B433514853C}.Release|Any CPU.ActiveCfg = Release|Any CPU
		{F0828863-5062-B01F-EF9B-1B433514853C}.Release|Any CPU.Build.0 = Release|Any CPU
	EndGlobalSection
	GlobalSection(SolutionProperties) = preSolution
		HideSolutionNode = FALSE
	EndGlobalSection
	GlobalSection(NestedProjects) = preSolution
		{EA40EEFD-3F08-2188-E239-BB8F161152C7} = {6CD179C4-C2C6-FDD9-A3B9-37CC9E432F87}
		{CA7F50DA-AD54-07F1-DDA1-604EF5E38A6F} = {EA40EEFD-3F08-2188-E239-BB8F161152C7}
		{F4900C59-4F4C-5A99-F211-905A1C8E92D0} = {6CD179C4-C2C6-FDD9-A3B9-37CC9E432F87}
		{5F0623BD-F8DC-0EF6-C992-2C94D980F986} = {F4900C59-4F4C-5A99-F211-905A1C8E92D0}
		{14CCE21D-4AAB-094C-89A4-75E888A8CEE3} = {6CD179C4-C2C6-FDD9-A3B9-37CC9E432F87}
		{F809F18C-CF8C-EA1E-1285-2A6AE15F0AF1} = {14CCE21D-4AAB-094C-89A4-75E888A8CEE3}
		{3DED5B56-A1FE-4C79-CA25-9124B9F2E79B} = {3DD79502-F954-D61B-69C7-33AFB849EC2C}
		{B303E462-8B91-2DEA-C596-BA41C659D421} = {3DED5B56-A1FE-4C79-CA25-9124B9F2E79B}
		{4A023DCC-9E7D-0D40-014A-417C26F9BF57} = {3DD79502-F954-D61B-69C7-33AFB849EC2C}
		{97383A83-1B6F-0827-5AC6-4887F715FF72} = {4A023DCC-9E7D-0D40-014A-417C26F9BF57}
		{3EDC1F7F-3225-3ED6-1FC9-2C675C515DFF} = {3DD79502-F954-D61B-69C7-33AFB849EC2C}
		{F0828863-5062-B01F-EF9B-1B433514853C} = {3EDC1F7F-3225-3ED6-1FC9-2C675C515DFF}
	EndGlobalSection
	GlobalSection(ExtensibilityGlobals) = postSolution
		SolutionGuid = {5AF4097A-8AF8-43F3-B711-37F7622B1755}
	EndGlobalSection
EndGlobal
